
Microsoft Visual Studio Solution File, Format Version 12.00
# Visual Studio 15
Project("{FAE04EC0-301F-11D3-BF4B-00C04F79EFBC}") = "Assembly-CSharp", "Assembly-CSharp.csproj", "{6DD5A9D8-4C6B-5468-9AD9-7C51D53EE3C6}"
EndProject
Project("{FAE04EC0-301F-11D3-BF4B-00C04F79EFBC}") = "Assembly-CSharp-Editor", "Assembly-CSharp-Editor.csproj", "{BE95B7D0-71F9-FA03-02BC-ADDDC1DB5185}"
EndProject
Global
	GlobalSection(SolutionConfigurationPlatforms) = preSolution
		Debug|Any CPU = Debug|Any CPU
		Release|Any CPU = Release|Any CPU
	EndGlobalSection
	GlobalSection(ProjectConfigurationPlatforms) = postSolution
		{6DD5A9D8-4C6B-5468-9AD9-7C51D53EE3C6}.Debug|Any CPU.ActiveCfg = Debug|Any CPU
		{6DD5A9D8-4C6B-5468-9AD9-7C51D53EE3C6}.Debug|Any CPU.Build.0 = Debug|Any CPU
		{6DD5A9D8-4C6B-5468-9AD9-7C51D53EE3C6}.Release|Any CPU.ActiveCfg = Release|Any CPU
		{6DD5A9D8-4C6B-5468-9AD9-7C51D53EE3C6}.Release|Any CPU.Build.0 = Release|Any CPU
		{BE95B7D0-71F9-FA03-02BC-ADDDC1DB5185}.Debug|Any CPU.ActiveCfg = Debug|Any CPU
		{BE95B7D0-71F9-FA03-02BC-ADDDC1DB5185}.Debug|Any CPU.Build.0 = Debug|Any CPU
		{BE95B7D0-71F9-FA03-02BC-ADDDC1DB5185}.Release|Any CPU.ActiveCfg = Release|Any CPU
		{BE95B7D0-71F9-FA03-02BC-ADDDC1DB5185}.Release|Any CPU.Build.0 = Release|Any CPU
	EndGlobalSection
	GlobalSection(SolutionProperties) = preSolution
		HideSolutionNode = FALSE
	EndGlobalSection
EndGlobal
